{
  "name": "html-boilerplate",
  "version": "1.0.0",
  "lockfileVersion": 1,
  "requires": true,
  "dependencies": {
    "percircle": {
      "version": "1.0.27",
      "resolved": "https://registry.npmjs.org/percircle/-/percircle-1.0.27.tgz",
      "integrity": "sha512-PrjsUZq5dKsxJQejH5wJyL0FFW7vkM32dyFVFbGfjnzX4U938FafyBpY1ozrt7TX2cN3CGIgksUjatdBITeVJQ=="
    }
  }
}
